
Microsoft Visual Studio Solution File, Format Version 12.00
# Visual Studio Version 17
VisualStudioVersion = 17.14.36414.22 d17.14
MinimumVisualStudioVersion = 10.0.40219.1
Project("{FAE04EC0-301F-11D3-BF4B-00C04F79EFBC}") = "HelloGame", "HelloGame\HelloGame.csproj", "{D8A48A33-44F9-4F95-84D5-DB8F516B880F}"
EndProject
Global
	GlobalSection(SolutionConfigurationPlatforms) = preSolution
		Debug|Any CPU = Debug|Any CPU
		Release|Any CPU = Release|Any CPU
	EndGlobalSection
	GlobalSection(ProjectConfigurationPlatforms) = postSolution
		{D8A48A33-44F9-4F95-84D5-DB8F516B880F}.Debug|Any CPU.ActiveCfg = Debug|Any CPU
		{D8A48A33-44F9-4F95-84D5-DB8F516B880F}.Debug|Any CPU.Build.0 = Debug|Any CPU
		{D8A48A33-44F9-4F95-84D5-DB8F516B880F}.Release|Any CPU.ActiveCfg = Release|Any CPU
		{D8A48A33-44F9-4F95-84D5-DB8F516B880F}.Release|Any CPU.Build.0 = Release|Any CPU
	EndGlobalSection
	GlobalSection(SolutionProperties) = preSolution
		HideSolutionNode = FALSE
	EndGlobalSection
	GlobalSection(ExtensibilityGlobals) = postSolution
		SolutionGuid = {362D16A2-FC66-42FE-BAF2-33292C42EC67}
	EndGlobalSection
EndGlobal
